// !$*UTF8*$!
{
	archiveVersion = 1;
	classes = {
	};
	objectVersion = 46;
	objects = {

/* Begin PBXBuildFile section */
		0D30A7241BF2C5E1009A67DB /* Assets.xcassets in Resources */ = {isa = PBXBuildFile; fileRef = 0D30A7231BF2C5E1009A67DB /* Assets.xcassets */; };
		0D30A7351BF2C6F9009A67DB /* PMDCartTableHeaderView.m in Sources */ = {isa = PBXBuildFile; fileRef = 0D30A7251BF2C6F9009A67DB /* PMDCartTableHeaderView.m */; };
		0D30A7361BF2C6F9009A67DB /* PMDCartItemTableViewCell.m in Sources */ = {isa = PBXBuildFile; fileRef = 0D30A7271BF2C6F9009A67DB /* PMDCartItemTableViewCell.m */; };
		0D30A7371BF2C6F9009A67DB /* PMDCartViewController.m in Sources */ = {isa = PBXBuildFile; fileRef = 0D30A72A1BF2C6F9009A67DB /* PMDCartViewController.m */; };
		0D30A7381BF2C6F9009A67DB /* PMDProduct.m in Sources */ = {isa = PBXBuildFile; fileRef = 0D30A72C1BF2C6F9009A67DB /* PMDProduct.m */; };
		0D30A7391BF2C6F9009A67DB /* PMDShopTableViewCell.m in Sources */ = {isa = PBXBuildFile; fileRef = 0D30A72E1BF2C6F9009A67DB /* PMDShopTableViewCell.m */; };
		0D30A73A1BF2C6F9009A67DB /* PMDShopViewController.m in Sources */ = {isa = PBXBuildFile; fileRef = 0D30A7301BF2C6F9009A67DB /* PMDShopViewController.m */; };
		0D30A73B1BF2C6F9009A67DB /* PMDUserInformationViewController.m in Sources */ = {isa = PBXBuildFile; fileRef = 0D30A7321BF2C6F9009A67DB /* PMDUserInformationViewController.m */; };
		0D30A73C1BF2C6F9009A67DB /* PMDUtilities.m in Sources */ = {isa = PBXBuildFile; fileRef = 0D30A7341BF2C6F9009A67DB /* PMDUtilities.m */; };
		0D30A73F1BF2C703009A67DB /* PMDAddToCartViewController.m in Sources */ = {isa = PBXBuildFile; fileRef = 0D30A73E1BF2C703009A67DB /* PMDAddToCartViewController.m */; };
		0D59D6CE1CD2B76700E98059 /* PMDCard.m in Sources */ = {isa = PBXBuildFile; fileRef = 0D59D6CD1CD2B76700E98059 /* PMDCard.m */; };
		0D59D6D11CD2BE5400E98059 /* PMDCardTableViewCell.m in Sources */ = {isa = PBXBuildFile; fileRef = 0D59D6D01CD2BE5400E98059 /* PMDCardTableViewCell.m */; };
		0D59D6D41CD2D64500E98059 /* PMDVerifyCardViewController.m in Sources */ = {isa = PBXBuildFile; fileRef = 0D59D6D31CD2D64500E98059 /* PMDVerifyCardViewController.m */; };
		0D893B241CD8B12F003B6048 /* PMDCustomer.m in Sources */ = {isa = PBXBuildFile; fileRef = 0D893B231CD8B12F003B6048 /* PMDCustomer.m */; };
		0D98E4371C463399003EFBCE /* PMDHomeViewController.m in Sources */ = {isa = PBXBuildFile; fileRef = 0D98E4361C463399003EFBCE /* PMDHomeViewController.m */; };
		0D98E43B1C46413F003EFBCE /* UIColor+Conversion.m in Sources */ = {isa = PBXBuildFile; fileRef = 0D98E43A1C46413E003EFBCE /* UIColor+Conversion.m */; };
		0DA2F5891C180B5300932042 /* PMDCardInputViewController.m in Sources */ = {isa = PBXBuildFile; fileRef = 0DA2F5881C180B5300932042 /* PMDCardInputViewController.m */; };
		0DB857941C800B4B0092D902 /* PMDAPIManager.m in Sources */ = {isa = PBXBuildFile; fileRef = 0DB857931C800B4B0092D902 /* PMDAPIManager.m */; };
		0DB857971C8030690092D902 /* PMDActivityIndicatorView.m in Sources */ = {isa = PBXBuildFile; fileRef = 0DB857961C8030690092D902 /* PMDActivityIndicatorView.m */; };
		0DC8029C1CB4D5E200B55137 /* PMDCardVaultViewController.m in Sources */ = {isa = PBXBuildFile; fileRef = 0DC8029B1CB4D5E200B55137 /* PMDCardVaultViewController.m */; };
		0DD5795F1D6DF69F00905790 /* PMSDKContact+NSCoding.m in Sources */ = {isa = PBXBuildFile; fileRef = 0DD5795E1D6DF69E00905790 /* PMSDKContact+NSCoding.m */; };
		0DD579621D6DF73F00905790 /* PMSDKAddress+NSCoding.m in Sources */ = {isa = PBXBuildFile; fileRef = 0DD579611D6DF73F00905790 /* PMSDKAddress+NSCoding.m */; };
		6003F58E195388D20070C39A /* Foundation.framework in Frameworks */ = {isa = PBXBuildFile; fileRef = 6003F58D195388D20070C39A /* Foundation.framework */; };
		6003F590195388D20070C39A /* CoreGraphics.framework in Frameworks */ = {isa = PBXBuildFile; fileRef = 6003F58F195388D20070C39A /* CoreGraphics.framework */; };
		6003F592195388D20070C39A /* UIKit.framework in Frameworks */ = {isa = PBXBuildFile; fileRef = 6003F591195388D20070C39A /* UIKit.framework */; };
		6003F598195388D20070C39A /* InfoPlist.strings in Resources */ = {isa = PBXBuildFile; fileRef = 6003F596195388D20070C39A /* InfoPlist.strings */; };
		6003F59A195388D20070C39A /* main.m in Sources */ = {isa = PBXBuildFile; fileRef = 6003F599195388D20070C39A /* main.m */; };
		6003F59E195388D20070C39A /* PMSDKAppDelegate.m in Sources */ = {isa = PBXBuildFile; fileRef = 6003F59D195388D20070C39A /* PMSDKAppDelegate.m */; };
		6003F5B0195388D20070C39A /* XCTest.framework in Frameworks */ = {isa = PBXBuildFile; fileRef = 6003F5AF195388D20070C39A /* XCTest.framework */; };
		6003F5B1195388D20070C39A /* Foundation.framework in Frameworks */ = {isa = PBXBuildFile; fileRef = 6003F58D195388D20070C39A /* Foundation.framework */; };
		6003F5B2195388D20070C39A /* UIKit.framework in Frameworks */ = {isa = PBXBuildFile; fileRef = 6003F591195388D20070C39A /* UIKit.framework */; };
		6003F5BA195388D20070C39A /* InfoPlist.strings in Resources */ = {isa = PBXBuildFile; fileRef = 6003F5B8195388D20070C39A /* InfoPlist.strings */; };
		6003F5BC195388D20070C39A /* Tests.m in Sources */ = {isa = PBXBuildFile; fileRef = 6003F5BB195388D20070C39A /* Tests.m */; };
		6A59E0D621D174260028890D /* PMSDKCardTest.m in Sources */ = {isa = PBXBuildFile; fileRef = 6A59E0D521D174260028890D /* PMSDKCardTest.m */; };
		6A59E0D921D1758D0028890D /* PMSDKAddressTest.m in Sources */ = {isa = PBXBuildFile; fileRef = 6A59E0D821D1758D0028890D /* PMSDKAddressTest.m */; };
		6A59E0DB21D179650028890D /* PMSDKBuyerProfileTest.m in Sources */ = {isa = PBXBuildFile; fileRef = 6A59E0DA21D179650028890D /* PMSDKBuyerProfileTest.m */; };
		6A59E0DD21D1C8160028890D /* PMSDKItemAmountTest.m in Sources */ = {isa = PBXBuildFile; fileRef = 6A59E0DC21D1C8160028890D /* PMSDKItemAmountTest.m */; };
		6A59E0DF21D1CFF10028890D /* PMSDKCheckoutItemTest.m in Sources */ = {isa = PBXBuildFile; fileRef = 6A59E0DE21D1CFF10028890D /* PMSDKCheckoutItemTest.m */; };
		6A59E0E121D1D50E0028890D /* PMSDKCheckoutInformationTest.m in Sources */ = {isa = PBXBuildFile; fileRef = 6A59E0E021D1D50E0028890D /* PMSDKCheckoutInformationTest.m */; };
		6AA9671221D1FE60003404EF /* PMSDKCheckoutRedirectURLTest.m in Sources */ = {isa = PBXBuildFile; fileRef = 6AA9671121D1FE60003404EF /* PMSDKCheckoutRedirectURLTest.m */; };
		6AA9671421D2004C003404EF /* PMSDKCheckoutResultTest.m in Sources */ = {isa = PBXBuildFile; fileRef = 6AA9671321D2004C003404EF /* PMSDKCheckoutResultTest.m */; };
		6AA9671621D201FD003404EF /* PMSDKContactTest.m in Sources */ = {isa = PBXBuildFile; fileRef = 6AA9671521D201FD003404EF /* PMSDKContactTest.m */; };
		6AA9671821D202A1003404EF /* PMSDKItemAmountDetailsTest.m in Sources */ = {isa = PBXBuildFile; fileRef = 6AA9671721D202A1003404EF /* PMSDKItemAmountDetailsTest.m */; };
		BCD02E3385A3DED226226294 /* Pods_PayMayaSDK_Example.framework in Frameworks */ = {isa = PBXBuildFile; fileRef = A8A6C0EE9AB43C19702F3920 /* Pods_PayMayaSDK_Example.framework */; };
		C29DB9A8212F63C528CBA045 /* Pods_PayMayaSDK_Tests.framework in Frameworks */ = {isa = PBXBuildFile; fileRef = 5E7F9A8780EAF77D35638D41 /* Pods_PayMayaSDK_Tests.framework */; };
/* End PBXBuildFile section */

/* Begin PBXContainerItemProxy section */
		6003F5B3195388D20070C39A /* PBXContainerItemProxy */ = {
			isa = PBXContainerItemProxy;
			containerPortal = 6003F582195388D10070C39A /* Project object */;
			proxyType = 1;
			remoteGlobalIDString = 6003F589195388D20070C39A;
			remoteInfo = PayMayaSDK;
		};
/* End PBXContainerItemProxy section */

/* Begin PBXFileReference section */
		062B6CE64FAEE224DB1C31F9 /* Pods-PayMayaSDK_Tests.debug.xcconfig */ = {isa = PBXFileReference; includeInIndex = 1; lastKnownFileType = text.xcconfig; name = "Pods-PayMayaSDK_Tests.debug.xcconfig"; path = "Pods/Target Support Files/Pods-PayMayaSDK_Tests/Pods-PayMayaSDK_Tests.debug.xcconfig"; sourceTree = "<group>"; };
		0D30A7231BF2C5E1009A67DB /* Assets.xcassets */ = {isa = PBXFileReference; lastKnownFileType = folder.assetcatalog; path = Assets.xcassets; sourceTree = "<group>"; };
		0D30A7251BF2C6F9009A67DB /* PMDCartTableHeaderView.m */ = {isa = PBXFileReference; fileEncoding = 4; lastKnownFileType = sourcecode.c.objc; path = PMDCartTableHeaderView.m; sourceTree = "<group>"; };
		0D30A7261BF2C6F9009A67DB /* PMDCartItemTableViewCell.h */ = {isa = PBXFileReference; fileEncoding = 4; lastKnownFileType = sourcecode.c.h; path = PMDCartItemTableViewCell.h; sourceTree = "<group>"; };
		0D30A7271BF2C6F9009A67DB /* PMDCartItemTableViewCell.m */ = {isa = PBXFileReference; fileEncoding = 4; lastKnownFileType = sourcecode.c.objc; path = PMDCartItemTableViewCell.m; sourceTree = "<group>"; };
		0D30A7281BF2C6F9009A67DB /* PMDCartTableHeaderView.h */ = {isa = PBXFileReference; fileEncoding = 4; lastKnownFileType = sourcecode.c.h; path = PMDCartTableHeaderView.h; sourceTree = "<group>"; };
		0D30A7291BF2C6F9009A67DB /* PMDCartViewController.h */ = {isa = PBXFileReference; fileEncoding = 4; lastKnownFileType = sourcecode.c.h; path = PMDCartViewController.h; sourceTree = "<group>"; };
		0D30A72A1BF2C6F9009A67DB /* PMDCartViewController.m */ = {isa = PBXFileReference; fileEncoding = 4; lastKnownFileType = sourcecode.c.objc; path = PMDCartViewController.m; sourceTree = "<group>"; };
		0D30A72B1BF2C6F9009A67DB /* PMDProduct.h */ = {isa = PBXFileReference; fileEncoding = 4; lastKnownFileType = sourcecode.c.h; path = PMDProduct.h; sourceTree = "<group>"; };
		0D30A72C1BF2C6F9009A67DB /* PMDProduct.m */ = {isa = PBXFileReference; fileEncoding = 4; lastKnownFileType = sourcecode.c.objc; path = PMDProduct.m; sourceTree = "<group>"; };
		0D30A72D1BF2C6F9009A67DB /* PMDShopTableViewCell.h */ = {isa = PBXFileReference; fileEncoding = 4; lastKnownFileType = sourcecode.c.h; path = PMDShopTableViewCell.h; sourceTree = "<group>"; };
		0D30A72E1BF2C6F9009A67DB /* PMDShopTableViewCell.m */ = {isa = PBXFileReference; fileEncoding = 4; lastKnownFileType = sourcecode.c.objc; path = PMDShopTableViewCell.m; sourceTree = "<group>"; };
		0D30A72F1BF2C6F9009A67DB /* PMDShopViewController.h */ = {isa = PBXFileReference; fileEncoding = 4; lastKnownFileType = sourcecode.c.h; path = PMDShopViewController.h; sourceTree = "<group>"; };
		0D30A7301BF2C6F9009A67DB /* PMDShopViewController.m */ = {isa = PBXFileReference; fileEncoding = 4; lastKnownFileType = sourcecode.c.objc; path = PMDShopViewController.m; sourceTree = "<group>"; };
		0D30A7311BF2C6F9009A67DB /* PMDUserInformationViewController.h */ = {isa = PBXFileReference; fileEncoding = 4; lastKnownFileType = sourcecode.c.h; path = PMDUserInformationViewController.h; sourceTree = "<group>"; };
		0D30A7321BF2C6F9009A67DB /* PMDUserInformationViewController.m */ = {isa = PBXFileReference; fileEncoding = 4; lastKnownFileType = sourcecode.c.objc; path = PMDUserInformationViewController.m; sourceTree = "<group>"; };
		0D30A7331BF2C6F9009A67DB /* PMDUtilities.h */ = {isa = PBXFileReference; fileEncoding = 4; lastKnownFileType = sourcecode.c.h; path = PMDUtilities.h; sourceTree = "<group>"; };
		0D30A7341BF2C6F9009A67DB /* PMDUtilities.m */ = {isa = PBXFileReference; fileEncoding = 4; lastKnownFileType = sourcecode.c.objc; path = PMDUtilities.m; sourceTree = "<group>"; };
		0D30A73D1BF2C703009A67DB /* PMDAddToCartViewController.h */ = {isa = PBXFileReference; fileEncoding = 4; lastKnownFileType = sourcecode.c.h; path = PMDAddToCartViewController.h; sourceTree = "<group>"; };
		0D30A73E1BF2C703009A67DB /* PMDAddToCartViewController.m */ = {isa = PBXFileReference; fileEncoding = 4; lastKnownFileType = sourcecode.c.objc; path = PMDAddToCartViewController.m; sourceTree = "<group>"; };
		0D59D6CC1CD2B76700E98059 /* PMDCard.h */ = {isa = PBXFileReference; fileEncoding = 4; lastKnownFileType = sourcecode.c.h; path = PMDCard.h; sourceTree = "<group>"; };
		0D59D6CD1CD2B76700E98059 /* PMDCard.m */ = {isa = PBXFileReference; fileEncoding = 4; lastKnownFileType = sourcecode.c.objc; path = PMDCard.m; sourceTree = "<group>"; };
		0D59D6CF1CD2BE5400E98059 /* PMDCardTableViewCell.h */ = {isa = PBXFileReference; fileEncoding = 4; lastKnownFileType = sourcecode.c.h; path = PMDCardTableViewCell.h; sourceTree = "<group>"; };
		0D59D6D01CD2BE5400E98059 /* PMDCardTableViewCell.m */ = {isa = PBXFileReference; fileEncoding = 4; lastKnownFileType = sourcecode.c.objc; path = PMDCardTableViewCell.m; sourceTree = "<group>"; };
		0D59D6D21CD2D64500E98059 /* PMDVerifyCardViewController.h */ = {isa = PBXFileReference; fileEncoding = 4; lastKnownFileType = sourcecode.c.h; path = PMDVerifyCardViewController.h; sourceTree = "<group>"; };
		0D59D6D31CD2D64500E98059 /* PMDVerifyCardViewController.m */ = {isa = PBXFileReference; fileEncoding = 4; lastKnownFileType = sourcecode.c.objc; path = PMDVerifyCardViewController.m; sourceTree = "<group>"; };
		0D893B221CD8B12F003B6048 /* PMDCustomer.h */ = {isa = PBXFileReference; fileEncoding = 4; lastKnownFileType = sourcecode.c.h; path = PMDCustomer.h; sourceTree = "<group>"; };
		0D893B231CD8B12F003B6048 /* PMDCustomer.m */ = {isa = PBXFileReference; fileEncoding = 4; lastKnownFileType = sourcecode.c.objc; path = PMDCustomer.m; sourceTree = "<group>"; };
		0D98E4351C463399003EFBCE /* PMDHomeViewController.h */ = {isa = PBXFileReference; fileEncoding = 4; lastKnownFileType = sourcecode.c.h; path = PMDHomeViewController.h; sourceTree = "<group>"; };
		0D98E4361C463399003EFBCE /* PMDHomeViewController.m */ = {isa = PBXFileReference; fileEncoding = 4; lastKnownFileType = sourcecode.c.objc; path = PMDHomeViewController.m; sourceTree = "<group>"; };
		0D98E4391C46413E003EFBCE /* UIColor+Conversion.h */ = {isa = PBXFileReference; fileEncoding = 4; lastKnownFileType = sourcecode.c.h; path = "UIColor+Conversion.h"; sourceTree = "<group>"; };
		0D98E43A1C46413E003EFBCE /* UIColor+Conversion.m */ = {isa = PBXFileReference; fileEncoding = 4; lastKnownFileType = sourcecode.c.objc; path = "UIColor+Conversion.m"; sourceTree = "<group>"; };
		0DA2F5871C180B5300932042 /* PMDCardInputViewController.h */ = {isa = PBXFileReference; fileEncoding = 4; lastKnownFileType = sourcecode.c.h; path = PMDCardInputViewController.h; sourceTree = "<group>"; };
		0DA2F5881C180B5300932042 /* PMDCardInputViewController.m */ = {isa = PBXFileReference; fileEncoding = 4; lastKnownFileType = sourcecode.c.objc; path = PMDCardInputViewController.m; sourceTree = "<group>"; };
		0DB857921C800B4B0092D902 /* PMDAPIManager.h */ = {isa = PBXFileReference; fileEncoding = 4; lastKnownFileType = sourcecode.c.h; path = PMDAPIManager.h; sourceTree = "<group>"; };
		0DB857931C800B4B0092D902 /* PMDAPIManager.m */ = {isa = PBXFileReference; fileEncoding = 4; lastKnownFileType = sourcecode.c.objc; path = PMDAPIManager.m; sourceTree = "<group>"; };
		0DB857951C8030690092D902 /* PMDActivityIndicatorView.h */ = {isa = PBXFileReference; fileEncoding = 4; lastKnownFileType = sourcecode.c.h; path = PMDActivityIndicatorView.h; sourceTree = "<group>"; };
		0DB857961C8030690092D902 /* PMDActivityIndicatorView.m */ = {isa = PBXFileReference; fileEncoding = 4; lastKnownFileType = sourcecode.c.objc; path = PMDActivityIndicatorView.m; sourceTree = "<group>"; };
		0DC8029A1CB4D5E200B55137 /* PMDCardVaultViewController.h */ = {isa = PBXFileReference; fileEncoding = 4; lastKnownFileType = sourcecode.c.h; path = PMDCardVaultViewController.h; sourceTree = "<group>"; };
		0DC8029B1CB4D5E200B55137 /* PMDCardVaultViewController.m */ = {isa = PBXFileReference; fileEncoding = 4; lastKnownFileType = sourcecode.c.objc; path = PMDCardVaultViewController.m; sourceTree = "<group>"; };
		0DD5795D1D6DF69E00905790 /* PMSDKContact+NSCoding.h */ = {isa = PBXFileReference; fileEncoding = 4; lastKnownFileType = sourcecode.c.h; path = "PMSDKContact+NSCoding.h"; sourceTree = "<group>"; };
		0DD5795E1D6DF69E00905790 /* PMSDKContact+NSCoding.m */ = {isa = PBXFileReference; fileEncoding = 4; lastKnownFileType = sourcecode.c.objc; path = "PMSDKContact+NSCoding.m"; sourceTree = "<group>"; };
		0DD579601D6DF73F00905790 /* PMSDKAddress+NSCoding.h */ = {isa = PBXFileReference; fileEncoding = 4; lastKnownFileType = sourcecode.c.h; path = "PMSDKAddress+NSCoding.h"; sourceTree = "<group>"; };
		0DD579611D6DF73F00905790 /* PMSDKAddress+NSCoding.m */ = {isa = PBXFileReference; fileEncoding = 4; lastKnownFileType = sourcecode.c.objc; path = "PMSDKAddress+NSCoding.m"; sourceTree = "<group>"; };
		3E7D0E4E2948F6CFC64EA29A /* PayMayaSDK.podspec */ = {isa = PBXFileReference; includeInIndex = 1; lastKnownFileType = text; name = PayMayaSDK.podspec; path = ../PayMayaSDK.podspec; sourceTree = "<group>"; };
		5E7F9A8780EAF77D35638D41 /* Pods_PayMayaSDK_Tests.framework */ = {isa = PBXFileReference; explicitFileType = wrapper.framework; includeInIndex = 0; path = Pods_PayMayaSDK_Tests.framework; sourceTree = BUILT_PRODUCTS_DIR; };
		6003F58A195388D20070C39A /* PayMaya SDK.app */ = {isa = PBXFileReference; explicitFileType = wrapper.application; includeInIndex = 0; path = "PayMaya SDK.app"; sourceTree = BUILT_PRODUCTS_DIR; };
		6003F58D195388D20070C39A /* Foundation.framework */ = {isa = PBXFileReference; lastKnownFileType = wrapper.framework; name = Foundation.framework; path = System/Library/Frameworks/Foundation.framework; sourceTree = SDKROOT; };
		6003F58F195388D20070C39A /* CoreGraphics.framework */ = {isa = PBXFileReference; lastKnownFileType = wrapper.framework; name = CoreGraphics.framework; path = System/Library/Frameworks/CoreGraphics.framework; sourceTree = SDKROOT; };
		6003F591195388D20070C39A /* UIKit.framework */ = {isa = PBXFileReference; lastKnownFileType = wrapper.framework; name = UIKit.framework; path = System/Library/Frameworks/UIKit.framework; sourceTree = SDKROOT; };
		6003F595195388D20070C39A /* PayMayaSDK-Info.plist */ = {isa = PBXFileReference; lastKnownFileType = text.plist.xml; path = "PayMayaSDK-Info.plist"; sourceTree = "<group>"; };
		6003F597195388D20070C39A /* en */ = {isa = PBXFileReference; lastKnownFileType = text.plist.strings; name = en; path = en.lproj/InfoPlist.strings; sourceTree = "<group>"; };
		6003F599195388D20070C39A /* main.m */ = {isa = PBXFileReference; lastKnownFileType = sourcecode.c.objc; path = main.m; sourceTree = "<group>"; };
		6003F59B195388D20070C39A /* PayMayaSDK-Prefix.pch */ = {isa = PBXFileReference; lastKnownFileType = sourcecode.c.h; path = "PayMayaSDK-Prefix.pch"; sourceTree = "<group>"; };
		6003F59C195388D20070C39A /* PMSDKAppDelegate.h */ = {isa = PBXFileReference; lastKnownFileType = sourcecode.c.h; path = PMSDKAppDelegate.h; sourceTree = "<group>"; };
		6003F59D195388D20070C39A /* PMSDKAppDelegate.m */ = {isa = PBXFileReference; lastKnownFileType = sourcecode.c.objc; path = PMSDKAppDelegate.m; sourceTree = "<group>"; };
		6003F5AE195388D20070C39A /* PayMayaSDK_Tests.xctest */ = {isa = PBXFileReference; explicitFileType = wrapper.cfbundle; includeInIndex = 0; path = PayMayaSDK_Tests.xctest; sourceTree = BUILT_PRODUCTS_DIR; };
		6003F5AF195388D20070C39A /* XCTest.framework */ = {isa = PBXFileReference; lastKnownFileType = wrapper.framework; name = XCTest.framework; path = Library/Frameworks/XCTest.framework; sourceTree = DEVELOPER_DIR; };
		6003F5B7195388D20070C39A /* Tests-Info.plist */ = {isa = PBXFileReference; lastKnownFileType = text.plist.xml; path = "Tests-Info.plist"; sourceTree = "<group>"; };
		6003F5B9195388D20070C39A /* en */ = {isa = PBXFileReference; lastKnownFileType = text.plist.strings; name = en; path = en.lproj/InfoPlist.strings; sourceTree = "<group>"; };
		6003F5BB195388D20070C39A /* Tests.m */ = {isa = PBXFileReference; lastKnownFileType = sourcecode.c.objc; path = Tests.m; sourceTree = "<group>"; };
		606FC2411953D9B200FFA9A0 /* Tests-Prefix.pch */ = {isa = PBXFileReference; lastKnownFileType = sourcecode.c.h; path = "Tests-Prefix.pch"; sourceTree = "<group>"; };
		6A59E0D521D174260028890D /* PMSDKCardTest.m */ = {isa = PBXFileReference; lastKnownFileType = sourcecode.c.objc; path = PMSDKCardTest.m; sourceTree = "<group>"; };
		6A59E0D821D1758D0028890D /* PMSDKAddressTest.m */ = {isa = PBXFileReference; lastKnownFileType = sourcecode.c.objc; path = PMSDKAddressTest.m; sourceTree = "<group>"; };
		6A59E0DA21D179650028890D /* PMSDKBuyerProfileTest.m */ = {isa = PBXFileReference; lastKnownFileType = sourcecode.c.objc; path = PMSDKBuyerProfileTest.m; sourceTree = "<group>"; };
		6A59E0DC21D1C8160028890D /* PMSDKItemAmountTest.m */ = {isa = PBXFileReference; lastKnownFileType = sourcecode.c.objc; path = PMSDKItemAmountTest.m; sourceTree = "<group>"; };
		6A59E0DE21D1CFF10028890D /* PMSDKCheckoutItemTest.m */ = {isa = PBXFileReference; lastKnownFileType = sourcecode.c.objc; path = PMSDKCheckoutItemTest.m; sourceTree = "<group>"; };
		6A59E0E021D1D50E0028890D /* PMSDKCheckoutInformationTest.m */ = {isa = PBXFileReference; lastKnownFileType = sourcecode.c.objc; path = PMSDKCheckoutInformationTest.m; sourceTree = "<group>"; };
		6AA9671121D1FE60003404EF /* PMSDKCheckoutRedirectURLTest.m */ = {isa = PBXFileReference; lastKnownFileType = sourcecode.c.objc; path = PMSDKCheckoutRedirectURLTest.m; sourceTree = "<group>"; };
		6AA9671321D2004C003404EF /* PMSDKCheckoutResultTest.m */ = {isa = PBXFileReference; lastKnownFileType = sourcecode.c.objc; path = PMSDKCheckoutResultTest.m; sourceTree = "<group>"; };
		6AA9671521D201FD003404EF /* PMSDKContactTest.m */ = {isa = PBXFileReference; lastKnownFileType = sourcecode.c.objc; path = PMSDKContactTest.m; sourceTree = "<group>"; };
		6AA9671721D202A1003404EF /* PMSDKItemAmountDetailsTest.m */ = {isa = PBXFileReference; lastKnownFileType = sourcecode.c.objc; path = PMSDKItemAmountDetailsTest.m; sourceTree = "<group>"; };
		A20353FA9A4CA3E4E8F33433 /* Pods-PayMayaSDK_Tests.release.xcconfig */ = {isa = PBXFileReference; includeInIndex = 1; lastKnownFileType = text.xcconfig; name = "Pods-PayMayaSDK_Tests.release.xcconfig"; path = "Pods/Target Support Files/Pods-PayMayaSDK_Tests/Pods-PayMayaSDK_Tests.release.xcconfig"; sourceTree = "<group>"; };
		A8A6C0EE9AB43C19702F3920 /* Pods_PayMayaSDK_Example.framework */ = {isa = PBXFileReference; explicitFileType = wrapper.framework; includeInIndex = 0; path = Pods_PayMayaSDK_Example.framework; sourceTree = BUILT_PRODUCTS_DIR; };
		AF0DA35C0C615671F64C994C /* Pods-PayMayaSDK_Example.release.xcconfig */ = {isa = PBXFileReference; includeInIndex = 1; lastKnownFileType = text.xcconfig; name = "Pods-PayMayaSDK_Example.release.xcconfig"; path = "Pods/Target Support Files/Pods-PayMayaSDK_Example/Pods-PayMayaSDK_Example.release.xcconfig"; sourceTree = "<group>"; };
		B55501E2262227E48294FBCF /* README.md */ = {isa = PBXFileReference; includeInIndex = 1; lastKnownFileType = net.daringfireball.markdown; name = README.md; path = ../README.md; sourceTree = "<group>"; };
		C8E8678C9A08CD779359CE10 /* LICENSE */ = {isa = PBXFileReference; includeInIndex = 1; lastKnownFileType = text; name = LICENSE; path = ../LICENSE; sourceTree = "<group>"; };
		F52E7633C79709B8A608DAC7 /* Pods-PayMayaSDK_Example.debug.xcconfig */ = {isa = PBXFileReference; includeInIndex = 1; lastKnownFileType = text.xcconfig; name = "Pods-PayMayaSDK_Example.debug.xcconfig"; path = "Pods/Target Support Files/Pods-PayMayaSDK_Example/Pods-PayMayaSDK_Example.debug.xcconfig"; sourceTree = "<group>"; };
/* End PBXFileReference section */

/* Begin PBXFrameworksBuildPhase section */
		6003F587195388D20070C39A /* Frameworks */ = {
			isa = PBXFrameworksBuildPhase;
			buildActionMask = 2147483647;
			files = (
				6003F590195388D20070C39A /* CoreGraphics.framework in Frameworks */,
				6003F592195388D20070C39A /* UIKit.framework in Frameworks */,
				6003F58E195388D20070C39A /* Foundation.framework in Frameworks */,
				BCD02E3385A3DED226226294 /* Pods_PayMayaSDK_Example.framework in Frameworks */,
			);
			runOnlyForDeploymentPostprocessing = 0;
		};
		6003F5AB195388D20070C39A /* Frameworks */ = {
			isa = PBXFrameworksBuildPhase;
			buildActionMask = 2147483647;
			files = (
				6003F5B0195388D20070C39A /* XCTest.framework in Frameworks */,
				6003F5B2195388D20070C39A /* UIKit.framework in Frameworks */,
				6003F5B1195388D20070C39A /* Foundation.framework in Frameworks */,
				C29DB9A8212F63C528CBA045 /* Pods_PayMayaSDK_Tests.framework in Frameworks */,
			);
			runOnlyForDeploymentPostprocessing = 0;
		};
/* End PBXFrameworksBuildPhase section */

/* Begin PBXGroup section */
		0D30A7441BF466BE009A67DB /* Controllers */ = {
			isa = PBXGroup;
			children = (
				0D98E4351C463399003EFBCE /* PMDHomeViewController.h */,
				0D98E4361C463399003EFBCE /* PMDHomeViewController.m */,
				0DC802991CB4D5AC00B55137 /* Card Vault */,
				0DE6C1D01C50CED9009D5D93 /* Checkout */,
				0DE6C1D11C50CEEC009D5D93 /* Payments */,
			);
			name = Controllers;
			sourceTree = "<group>";
		};
		0D30A7451BF466C7009A67DB /* Views */ = {
			isa = PBXGroup;
			children = (
				0DB857951C8030690092D902 /* PMDActivityIndicatorView.h */,
				0DB857961C8030690092D902 /* PMDActivityIndicatorView.m */,
				0D30A7261BF2C6F9009A67DB /* PMDCartItemTableViewCell.h */,
				0D30A7271BF2C6F9009A67DB /* PMDCartItemTableViewCell.m */,
				0D30A7281BF2C6F9009A67DB /* PMDCartTableHeaderView.h */,
				0D30A7251BF2C6F9009A67DB /* PMDCartTableHeaderView.m */,
				0D30A72D1BF2C6F9009A67DB /* PMDShopTableViewCell.h */,
				0D30A72E1BF2C6F9009A67DB /* PMDShopTableViewCell.m */,
				0D59D6CF1CD2BE5400E98059 /* PMDCardTableViewCell.h */,
				0D59D6D01CD2BE5400E98059 /* PMDCardTableViewCell.m */,
			);
			name = Views;
			sourceTree = "<group>";
		};
		0D30A7461BF4678C009A67DB /* Models */ = {
			isa = PBXGroup;
			children = (
				0D30A72B1BF2C6F9009A67DB /* PMDProduct.h */,
				0D30A72C1BF2C6F9009A67DB /* PMDProduct.m */,
				0D59D6CC1CD2B76700E98059 /* PMDCard.h */,
				0D59D6CD1CD2B76700E98059 /* PMDCard.m */,
				0D893B221CD8B12F003B6048 /* PMDCustomer.h */,
				0D893B231CD8B12F003B6048 /* PMDCustomer.m */,
			);
			name = Models;
			sourceTree = "<group>";
		};
		0D30A7471BF467A5009A67DB /* Utilities */ = {
			isa = PBXGroup;
			children = (
				0D30A7331BF2C6F9009A67DB /* PMDUtilities.h */,
				0D30A7341BF2C6F9009A67DB /* PMDUtilities.m */,
			);
			name = Utilities;
			sourceTree = "<group>";
		};
		0D98E4381C463FF2003EFBCE /* Categories */ = {
			isa = PBXGroup;
			children = (
				0D98E4391C46413E003EFBCE /* UIColor+Conversion.h */,
				0D98E43A1C46413E003EFBCE /* UIColor+Conversion.m */,
				0DD5795D1D6DF69E00905790 /* PMSDKContact+NSCoding.h */,
				0DD5795E1D6DF69E00905790 /* PMSDKContact+NSCoding.m */,
				0DD579601D6DF73F00905790 /* PMSDKAddress+NSCoding.h */,
				0DD579611D6DF73F00905790 /* PMSDKAddress+NSCoding.m */,
			);
			name = Categories;
			sourceTree = "<group>";
		};
		0DB857911C800B220092D902 /* Managers */ = {
			isa = PBXGroup;
			children = (
				0DB857921C800B4B0092D902 /* PMDAPIManager.h */,
				0DB857931C800B4B0092D902 /* PMDAPIManager.m */,
			);
			name = Managers;
			sourceTree = "<group>";
		};
		0DC802991CB4D5AC00B55137 /* Card Vault */ = {
			isa = PBXGroup;
			children = (
				0DC8029A1CB4D5E200B55137 /* PMDCardVaultViewController.h */,
				0DC8029B1CB4D5E200B55137 /* PMDCardVaultViewController.m */,
				0D59D6D21CD2D64500E98059 /* PMDVerifyCardViewController.h */,
				0D59D6D31CD2D64500E98059 /* PMDVerifyCardViewController.m */,
			);
			name = "Card Vault";
			sourceTree = "<group>";
		};
		0DE6C1D01C50CED9009D5D93 /* Checkout */ = {
			isa = PBXGroup;
			children = (
				0D30A73D1BF2C703009A67DB /* PMDAddToCartViewController.h */,
				0D30A73E1BF2C703009A67DB /* PMDAddToCartViewController.m */,
				0D30A7291BF2C6F9009A67DB /* PMDCartViewController.h */,
				0D30A72A1BF2C6F9009A67DB /* PMDCartViewController.m */,
				0D30A72F1BF2C6F9009A67DB /* PMDShopViewController.h */,
				0D30A7301BF2C6F9009A67DB /* PMDShopViewController.m */,
				0D30A7311BF2C6F9009A67DB /* PMDUserInformationViewController.h */,
				0D30A7321BF2C6F9009A67DB /* PMDUserInformationViewController.m */,
			);
			name = Checkout;
			sourceTree = "<group>";
		};
		0DE6C1D11C50CEEC009D5D93 /* Payments */ = {
			isa = PBXGroup;
			children = (
				0DA2F5871C180B5300932042 /* PMDCardInputViewController.h */,
				0DA2F5881C180B5300932042 /* PMDCardInputViewController.m */,
			);
			name = Payments;
			sourceTree = "<group>";
		};
		6003F581195388D10070C39A = {
			isa = PBXGroup;
			children = (
				60FF7A9C1954A5C5007DD14C /* Podspec Metadata */,
				6003F593195388D20070C39A /* Example for PayMayaSDK */,
				6003F5B5195388D20070C39A /* Tests */,
				6003F58C195388D20070C39A /* Frameworks */,
				6003F58B195388D20070C39A /* Products */,
				A5E177F9A9FB6D0B0D1893C3 /* Pods */,
			);
			sourceTree = "<group>";
		};
		6003F58B195388D20070C39A /* Products */ = {
			isa = PBXGroup;
			children = (
				6003F58A195388D20070C39A /* PayMaya SDK.app */,
				6003F5AE195388D20070C39A /* PayMayaSDK_Tests.xctest */,
			);
			name = Products;
			sourceTree = "<group>";
		};
		6003F58C195388D20070C39A /* Frameworks */ = {
			isa = PBXGroup;
			children = (
				6003F58D195388D20070C39A /* Foundation.framework */,
				6003F58F195388D20070C39A /* CoreGraphics.framework */,
				6003F591195388D20070C39A /* UIKit.framework */,
				6003F5AF195388D20070C39A /* XCTest.framework */,
				A8A6C0EE9AB43C19702F3920 /* Pods_PayMayaSDK_Example.framework */,
				5E7F9A8780EAF77D35638D41 /* Pods_PayMayaSDK_Tests.framework */,
			);
			name = Frameworks;
			sourceTree = "<group>";
		};
		6003F593195388D20070C39A /* Example for PayMayaSDK */ = {
			isa = PBXGroup;
			children = (
				0D30A7231BF2C5E1009A67DB /* Assets.xcassets */,
				6003F59C195388D20070C39A /* PMSDKAppDelegate.h */,
				6003F59D195388D20070C39A /* PMSDKAppDelegate.m */,
				0D30A7451BF466C7009A67DB /* Views */,
				0D30A7441BF466BE009A67DB /* Controllers */,
				0D30A7461BF4678C009A67DB /* Models */,
				0DB857911C800B220092D902 /* Managers */,
				0D98E4381C463FF2003EFBCE /* Categories */,
				0D30A7471BF467A5009A67DB /* Utilities */,
				6003F594195388D20070C39A /* Supporting Files */,
			);
			name = "Example for PayMayaSDK";
			path = PayMayaSDK;
			sourceTree = "<group>";
		};
		6003F594195388D20070C39A /* Supporting Files */ = {
			isa = PBXGroup;
			children = (
				6003F595195388D20070C39A /* PayMayaSDK-Info.plist */,
				6003F596195388D20070C39A /* InfoPlist.strings */,
				6003F599195388D20070C39A /* main.m */,
				6003F59B195388D20070C39A /* PayMayaSDK-Prefix.pch */,
			);
			name = "Supporting Files";
			sourceTree = "<group>";
		};
		6003F5B5195388D20070C39A /* Tests */ = {
			isa = PBXGroup;
			children = (
				6A59E0D721D174400028890D /* Models */,
				6003F5BB195388D20070C39A /* Tests.m */,
				6003F5B6195388D20070C39A /* Supporting Files */,
			);
			path = Tests;
			sourceTree = "<group>";
		};
		6003F5B6195388D20070C39A /* Supporting Files */ = {
			isa = PBXGroup;
			children = (
				6003F5B7195388D20070C39A /* Tests-Info.plist */,
				6003F5B8195388D20070C39A /* InfoPlist.strings */,
				606FC2411953D9B200FFA9A0 /* Tests-Prefix.pch */,
			);
			name = "Supporting Files";
			sourceTree = "<group>";
		};
		60FF7A9C1954A5C5007DD14C /* Podspec Metadata */ = {
			isa = PBXGroup;
			children = (
				3E7D0E4E2948F6CFC64EA29A /* PayMayaSDK.podspec */,
				B55501E2262227E48294FBCF /* README.md */,
				C8E8678C9A08CD779359CE10 /* LICENSE */,
			);
			name = "Podspec Metadata";
			sourceTree = "<group>";
		};
		6A59E0D721D174400028890D /* Models */ = {
			isa = PBXGroup;
			children = (
				6A59E0D821D1758D0028890D /* PMSDKAddressTest.m */,
				6A59E0DA21D179650028890D /* PMSDKBuyerProfileTest.m */,
				6A59E0D521D174260028890D /* PMSDKCardTest.m */,
				6A59E0E021D1D50E0028890D /* PMSDKCheckoutInformationTest.m */,
				6A59E0DE21D1CFF10028890D /* PMSDKCheckoutItemTest.m */,
				6A59E0DC21D1C8160028890D /* PMSDKItemAmountTest.m */,
				6AA9671121D1FE60003404EF /* PMSDKCheckoutRedirectURLTest.m */,
				6AA9671321D2004C003404EF /* PMSDKCheckoutResultTest.m */,
				6AA9671521D201FD003404EF /* PMSDKContactTest.m */,
				6AA9671721D202A1003404EF /* PMSDKItemAmountDetailsTest.m */,
			);
			path = Models;
			sourceTree = "<group>";
		};
		A5E177F9A9FB6D0B0D1893C3 /* Pods */ = {
			isa = PBXGroup;
			children = (
				F52E7633C79709B8A608DAC7 /* Pods-PayMayaSDK_Example.debug.xcconfig */,
				AF0DA35C0C615671F64C994C /* Pods-PayMayaSDK_Example.release.xcconfig */,
				062B6CE64FAEE224DB1C31F9 /* Pods-PayMayaSDK_Tests.debug.xcconfig */,
				A20353FA9A4CA3E4E8F33433 /* Pods-PayMayaSDK_Tests.release.xcconfig */,
			);
			name = Pods;
			sourceTree = "<group>";
		};
/* End PBXGroup section */

/* Begin PBXNativeTarget section */
		6003F589195388D20070C39A /* PayMayaSDK_Example */ = {
			isa = PBXNativeTarget;
			buildConfigurationList = 6003F5BF195388D20070C39A /* Build configuration list for PBXNativeTarget "PayMayaSDK_Example" */;
			buildPhases = (
				81897E0249492CB39DCB6CF4 /* [CP] Check Pods Manifest.lock */,
				6003F586195388D20070C39A /* Sources */,
				6003F587195388D20070C39A /* Frameworks */,
				6003F588195388D20070C39A /* Resources */,
				9AFF4D3C61FD6CCF30C62E9C /* [CP] Embed Pods Frameworks */,
			);
			buildRules = (
			);
			dependencies = (
			);
			name = PayMayaSDK_Example;
			productName = PayMayaSDK;
			productReference = 6003F58A195388D20070C39A /* PayMaya SDK.app */;
			productType = "com.apple.product-type.application";
		};
		6003F5AD195388D20070C39A /* PayMayaSDK_Tests */ = {
			isa = PBXNativeTarget;
			buildConfigurationList = 6003F5C2195388D20070C39A /* Build configuration list for PBXNativeTarget "PayMayaSDK_Tests" */;
			buildPhases = (
				B251F67370EC9A9632800E39 /* [CP] Check Pods Manifest.lock */,
				6003F5AA195388D20070C39A /* Sources */,
				6003F5AB195388D20070C39A /* Frameworks */,
				6003F5AC195388D20070C39A /* Resources */,
				BD8DDE8A77133826E2A76E2C /* [CP] Embed Pods Frameworks */,
			);
			buildRules = (
			);
			dependencies = (
				6003F5B4195388D20070C39A /* PBXTargetDependency */,
			);
			name = PayMayaSDK_Tests;
			productName = PayMayaSDKTests;
			productReference = 6003F5AE195388D20070C39A /* PayMayaSDK_Tests.xctest */;
			productType = "com.apple.product-type.bundle.unit-test";
		};
/* End PBXNativeTarget section */

/* Begin PBXProject section */
		6003F582195388D10070C39A /* Project object */ = {
			isa = PBXProject;
			attributes = {
				CLASSPREFIX = PMSDK;
				LastUpgradeCheck = 0720;
				ORGANIZATIONNAME = "PayMaya Philippines, Inc.";
				TargetAttributes = {
					6003F589195388D20070C39A = {
						DevelopmentTeam = 9A897GL6NF;
					};
				};
			};
			buildConfigurationList = 6003F585195388D10070C39A /* Build configuration list for PBXProject "PayMayaSDK" */;
			compatibilityVersion = "Xcode 3.2";
			developmentRegion = English;
			hasScannedForEncodings = 0;
			knownRegions = (
				en,
				Base,
			);
			mainGroup = 6003F581195388D10070C39A;
			productRefGroup = 6003F58B195388D20070C39A /* Products */;
			projectDirPath = "";
			projectRoot = "";
			targets = (
				6003F589195388D20070C39A /* PayMayaSDK_Example */,
				6003F5AD195388D20070C39A /* PayMayaSDK_Tests */,
			);
		};
/* End PBXProject section */

/* Begin PBXResourcesBuildPhase section */
		6003F588195388D20070C39A /* Resources */ = {
			isa = PBXResourcesBuildPhase;
			buildActionMask = 2147483647;
			files = (
				6003F598195388D20070C39A /* InfoPlist.strings in Resources */,
				0D30A7241BF2C5E1009A67DB /* Assets.xcassets in Resources */,
			);
			runOnlyForDeploymentPostprocessing = 0;
		};
		6003F5AC195388D20070C39A /* Resources */ = {
			isa = PBXResourcesBuildPhase;
			buildActionMask = 2147483647;
			files = (
				6003F5BA195388D20070C39A /* InfoPlist.strings in Resources */,
			);
			runOnlyForDeploymentPostprocessing = 0;
		};
/* End PBXResourcesBuildPhase section */

/* Begin PBXShellScriptBuildPhase section */
		81897E0249492CB39DCB6CF4 /* [CP] Check Pods Manifest.lock */ = {
			isa = PBXShellScriptBuildPhase;
			buildActionMask = 2147483647;
			files = (
			);
			inputPaths = (
				"${PODS_PODFILE_DIR_PATH}/Podfile.lock",
				"${PODS_ROOT}/Manifest.lock",
			);
			name = "[CP] Check Pods Manifest.lock";
			outputPaths = (
				"$(DERIVED_FILE_DIR)/Pods-PayMayaSDK_Example-checkManifestLockResult.txt",
			);
			runOnlyForDeploymentPostprocessing = 0;
			shellPath = /bin/sh;
			shellScript = "diff \"${PODS_PODFILE_DIR_PATH}/Podfile.lock\" \"${PODS_ROOT}/Manifest.lock\" > /dev/null\nif [ $? != 0 ] ; then\n    # print error to STDERR\n    echo \"error: The sandbox is not in sync with the Podfile.lock. Run 'pod install' or update your CocoaPods installation.\" >&2\n    exit 1\nfi\n# This output is used by Xcode 'outputs' to avoid re-running this script phase.\necho \"SUCCESS\" > \"${SCRIPT_OUTPUT_FILE_0}\"\n";
			showEnvVarsInLog = 0;
		};
		9AFF4D3C61FD6CCF30C62E9C /* [CP] Embed Pods Frameworks */ = {
			isa = PBXShellScriptBuildPhase;
			buildActionMask = 2147483647;
			files = (
			);
			inputPaths = (
				"${PODS_ROOT}/Target Support Files/Pods-PayMayaSDK_Example/Pods-PayMayaSDK_Example-frameworks.sh",
				"${BUILT_PRODUCTS_DIR}/PayMayaSDK/PayMayaSDK.framework",
			);
			name = "[CP] Embed Pods Frameworks";
			outputPaths = (
				"${TARGET_BUILD_DIR}/${FRAMEWORKS_FOLDER_PATH}/PayMayaSDK.framework",
			);
			runOnlyForDeploymentPostprocessing = 0;
			shellPath = /bin/sh;
			shellScript = "\"${PODS_ROOT}/Target Support Files/Pods-PayMayaSDK_Example/Pods-PayMayaSDK_Example-frameworks.sh\"\n";
			showEnvVarsInLog = 0;
		};
		B251F67370EC9A9632800E39 /* [CP] Check Pods Manifest.lock */ = {
			isa = PBXShellScriptBuildPhase;
			buildActionMask = 2147483647;
			files = (
			);
			inputFileListPaths = (
			);
			inputPaths = (
				"${PODS_PODFILE_DIR_PATH}/Podfile.lock",
				"${PODS_ROOT}/Manifest.lock",
			);
			name = "[CP] Check Pods Manifest.lock";
			outputFileListPaths = (
			);
			outputPaths = (
				"$(DERIVED_FILE_DIR)/Pods-PayMayaSDK_Tests-checkManifestLockResult.txt",
			);
			runOnlyForDeploymentPostprocessing = 0;
			shellPath = /bin/sh;
			shellScript = "diff \"${PODS_PODFILE_DIR_PATH}/Podfile.lock\" \"${PODS_ROOT}/Manifest.lock\" > /dev/null\nif [ $? != 0 ] ; then\n    # print error to STDERR\n    echo \"error: The sandbox is not in sync with the Podfile.lock. Run 'pod install' or update your CocoaPods installation.\" >&2\n    exit 1\nfi\n# This output is used by Xcode 'outputs' to avoid re-running this script phase.\necho \"SUCCESS\" > \"${SCRIPT_OUTPUT_FILE_0}\"\n";
			showEnvVarsInLog = 0;
		};
		BD8DDE8A77133826E2A76E2C /* [CP] Embed Pods Frameworks */ = {
			isa = PBXShellScriptBuildPhase;
			buildActionMask = 2147483647;
			files = (
			);
			inputFileListPaths = (
			);
			inputPaths = (
				"${PODS_ROOT}/Target Support Files/Pods-PayMayaSDK_Tests/Pods-PayMayaSDK_Tests-frameworks.sh",
				"${BUILT_PRODUCTS_DIR}/PayMayaSDK/PayMayaSDK.framework",
			);
			name = "[CP] Embed Pods Frameworks";
			outputFileListPaths = (
			);
			outputPaths = (
				"${TARGET_BUILD_DIR}/${FRAMEWORKS_FOLDER_PATH}/PayMayaSDK.framework",
			);
			runOnlyForDeploymentPostprocessing = 0;
			shellPath = /bin/sh;
			shellScript = "\"${PODS_ROOT}/Target Support Files/Pods-PayMayaSDK_Tests/Pods-PayMayaSDK_Tests-frameworks.sh\"\n";
			showEnvVarsInLog = 0;
		};
/* End PBXShellScriptBuildPhase section */

/* Begin PBXSourcesBuildPhase section */
		6003F586195388D20070C39A /* Sources */ = {
			isa = PBXSourcesBuildPhase;
			buildActionMask = 2147483647;
			files = (
				6003F59E195388D20070C39A /* PMSDKAppDelegate.m in Sources */,
				0D59D6CE1CD2B76700E98059 /* PMDCard.m in Sources */,
				0D98E4371C463399003EFBCE /* PMDHomeViewController.m in Sources */,
				0DD5795F1D6DF69F00905790 /* PMSDKContact+NSCoding.m in Sources */,
				0D30A73F1BF2C703009A67DB /* PMDAddToCartViewController.m in Sources */,
				0D30A7351BF2C6F9009A67DB /* PMDCartTableHeaderView.m in Sources */,
				0DB857941C800B4B0092D902 /* PMDAPIManager.m in Sources */,
				0D30A73A1BF2C6F9009A67DB /* PMDShopViewController.m in Sources */,
				6003F59A195388D20070C39A /* main.m in Sources */,
				0DA2F5891C180B5300932042 /* PMDCardInputViewController.m in Sources */,
				0D98E43B1C46413F003EFBCE /* UIColor+Conversion.m in Sources */,
				0D30A7371BF2C6F9009A67DB /* PMDCartViewController.m in Sources */,
				0D30A73B1BF2C6F9009A67DB /* PMDUserInformationViewController.m in Sources */,
				0DB857971C8030690092D902 /* PMDActivityIndicatorView.m in Sources */,
				0D893B241CD8B12F003B6048 /* PMDCustomer.m in Sources */,
				0D30A73C1BF2C6F9009A67DB /* PMDUtilities.m in Sources */,
				0D30A7361BF2C6F9009A67DB /* PMDCartItemTableViewCell.m in Sources */,
				0D59D6D41CD2D64500E98059 /* PMDVerifyCardViewController.m in Sources */,
				0DD579621D6DF73F00905790 /* PMSDKAddress+NSCoding.m in Sources */,
				0D59D6D11CD2BE5400E98059 /* PMDCardTableViewCell.m in Sources */,
				0D30A7381BF2C6F9009A67DB /* PMDProduct.m in Sources */,
				0D30A7391BF2C6F9009A67DB /* PMDShopTableViewCell.m in Sources */,
				0DC8029C1CB4D5E200B55137 /* PMDCardVaultViewController.m in Sources */,
			);
			runOnlyForDeploymentPostprocessing = 0;
		};
		6003F5AA195388D20070C39A /* Sources */ = {
			isa = PBXSourcesBuildPhase;
			buildActionMask = 2147483647;
			files = (
				6A59E0DF21D1CFF10028890D /* PMSDKCheckoutItemTest.m in Sources */,
				6003F5BC195388D20070C39A /* Tests.m in Sources */,
				6A59E0E121D1D50E0028890D /* PMSDKCheckoutInformationTest.m in Sources */,
				6AA9671221D1FE60003404EF /* PMSDKCheckoutRedirectURLTest.m in Sources */,
				6AA9671821D202A1003404EF /* PMSDKItemAmountDetailsTest.m in Sources */,
				6A59E0DB21D179650028890D /* PMSDKBuyerProfileTest.m in Sources */,
				6A59E0DD21D1C8160028890D /* PMSDKItemAmountTest.m in Sources */,
				6AA9671421D2004C003404EF /* PMSDKCheckoutResultTest.m in Sources */,
				6A59E0D621D174260028890D /* PMSDKCardTest.m in Sources */,
				6AA9671621D201FD003404EF /* PMSDKContactTest.m in Sources */,
				6A59E0D921D1758D0028890D /* PMSDKAddressTest.m in Sources */,
			);
			runOnlyForDeploymentPostprocessing = 0;
		};
/* End PBXSourcesBuildPhase section */

/* Begin PBXTargetDependency section */
		6003F5B4195388D20070C39A /* PBXTargetDependency */ = {
			isa = PBXTargetDependency;
			target = 6003F589195388D20070C39A /* PayMayaSDK_Example */;
			targetProxy = 6003F5B3195388D20070C39A /* PBXContainerItemProxy */;
		};
/* End PBXTargetDependency section */

/* Begin PBXVariantGroup section */
		6003F596195388D20070C39A /* InfoPlist.strings */ = {
			isa = PBXVariantGroup;
			children = (
				6003F597195388D20070C39A /* en */,
			);
			name = InfoPlist.strings;
			sourceTree = "<group>";
		};
		6003F5B8195388D20070C39A /* InfoPlist.strings */ = {
			isa = PBXVariantGroup;
			children = (
				6003F5B9195388D20070C39A /* en */,
			);
			name = InfoPlist.strings;
			sourceTree = "<group>";
		};
/* End PBXVariantGroup section */

/* Begin XCBuildConfiguration section */
		6003F5BD195388D20070C39A /* Debug */ = {
			isa = XCBuildConfiguration;
			buildSettings = {
				ALWAYS_SEARCH_USER_PATHS = NO;
				CLANG_CXX_LANGUAGE_STANDARD = "gnu++0x";
				CLANG_CXX_LIBRARY = "libc++";
				CLANG_ENABLE_MODULES = YES;
				CLANG_ENABLE_OBJC_ARC = YES;
				CLANG_WARN_BOOL_CONVERSION = YES;
				CLANG_WARN_CONSTANT_CONVERSION = YES;
				CLANG_WARN_DIRECT_OBJC_ISA_USAGE = YES_ERROR;
				CLANG_WARN_EMPTY_BODY = YES;
				CLANG_WARN_ENUM_CONVERSION = YES;
				CLANG_WARN_INT_CONVERSION = YES;
				CLANG_WARN_OBJC_ROOT_CLASS = YES_ERROR;
				CLANG_WARN__DUPLICATE_METHOD_MATCH = YES;
				"CODE_SIGN_IDENTITY[sdk=iphoneos*]" = "iPhone Developer";
				COPY_PHASE_STRIP = NO;
				ENABLE_TESTABILITY = YES;
				GCC_C_LANGUAGE_STANDARD = gnu99;
				GCC_DYNAMIC_NO_PIC = NO;
				GCC_OPTIMIZATION_LEVEL = 0;
				GCC_PREPROCESSOR_DEFINITIONS = (
					"DEBUG=1",
					"$(inherited)",
				);
				GCC_SYMBOLS_PRIVATE_EXTERN = NO;
				GCC_WARN_64_TO_32_BIT_CONVERSION = YES;
				GCC_WARN_ABOUT_RETURN_TYPE = YES_ERROR;
				GCC_WARN_UNDECLARED_SELECTOR = YES;
				GCC_WARN_UNINITIALIZED_AUTOS = YES_AGGRESSIVE;
				GCC_WARN_UNUSED_FUNCTION = YES;
				GCC_WARN_UNUSED_VARIABLE = YES;
				IPHONEOS_DEPLOYMENT_TARGET = 8.0;
				ONLY_ACTIVE_ARCH = YES;
				SDKROOT = iphoneos;
				TARGETED_DEVICE_FAMILY = "1,2";
			};
			name = Debug;
		};
		6003F5BE195388D20070C39A /* Release */ = {
			isa = XCBuildConfiguration;
			buildSettings = {
				ALWAYS_SEARCH_USER_PATHS = NO;
				CLANG_CXX_LANGUAGE_STANDARD = "gnu++0x";
				CLANG_CXX_LIBRARY = "libc++";
				CLANG_ENABLE_MODULES = YES;
				CLANG_ENABLE_OBJC_ARC = YES;
				CLANG_WARN_BOOL_CONVERSION = YES;
				CLANG_WARN_CONSTANT_CONVERSION = YES;
				CLANG_WARN_DIRECT_OBJC_ISA_USAGE = YES_ERROR;
				CLANG_WARN_EMPTY_BODY = YES;
				CLANG_WARN_ENUM_CONVERSION = YES;
				CLANG_WARN_INT_CONVERSION = YES;
				CLANG_WARN_OBJC_ROOT_CLASS = YES_ERROR;
				CLANG_WARN__DUPLICATE_METHOD_MATCH = YES;
				"CODE_SIGN_IDENTITY[sdk=iphoneos*]" = "iPhone Developer";
				COPY_PHASE_STRIP = YES;
				ENABLE_NS_ASSERTIONS = NO;
				GCC_C_LANGUAGE_STANDARD = gnu99;
				GCC_WARN_64_TO_32_BIT_CONVERSION = YES;
				GCC_WARN_ABOUT_RETURN_TYPE = YES_ERROR;
				GCC_WARN_UNDECLARED_SELECTOR = YES;
				GCC_WARN_UNINITIALIZED_AUTOS = YES_AGGRESSIVE;
				GCC_WARN_UNUSED_FUNCTION = YES;
				GCC_WARN_UNUSED_VARIABLE = YES;
				IPHONEOS_DEPLOYMENT_TARGET = 8.0;
				SDKROOT = iphoneos;
				TARGETED_DEVICE_FAMILY = "1,2";
				VALIDATE_PRODUCT = YES;
			};
			name = Release;
		};
		6003F5C0195388D20070C39A /* Debug */ = {
			isa = XCBuildConfiguration;
			baseConfigurationReference = F52E7633C79709B8A608DAC7 /* Pods-PayMayaSDK_Example.debug.xcconfig */;
			buildSettings = {
				ASSETCATALOG_COMPILER_APPICON_NAME = AppIcon;
				ASSETCATALOG_COMPILER_LAUNCHIMAGE_NAME = LaunchImage;
				CODE_SIGN_IDENTITY = "iPhone Distribution";
				GCC_PRECOMPILE_PREFIX_HEADER = YES;
				GCC_PREFIX_HEADER = "PayMayaSDK/PayMayaSDK-Prefix.pch";
				INFOPLIST_FILE = "PayMayaSDK/PayMayaSDK-Info.plist";
				IPHONEOS_DEPLOYMENT_TARGET = 8.0;
				MODULE_NAME = ExampleApp;
				PRODUCT_BUNDLE_IDENTIFIER = "org.cocoapods.demo.${PRODUCT_NAME:rfc1034identifier}";
				PRODUCT_NAME = "PayMaya SDK";
				PROVISIONING_PROFILE = "";
				TARGETED_DEVICE_FAMILY = 1;
				WRAPPER_EXTENSION = app;
			};
			name = Debug;
		};
		6003F5C1195388D20070C39A /* Release */ = {
			isa = XCBuildConfiguration;
			baseConfigurationReference = AF0DA35C0C615671F64C994C /* Pods-PayMayaSDK_Example.release.xcconfig */;
			buildSettings = {
				ASSETCATALOG_COMPILER_APPICON_NAME = AppIcon;
				ASSETCATALOG_COMPILER_LAUNCHIMAGE_NAME = LaunchImage;
				CODE_SIGN_IDENTITY = "iPhone Distribution";
				GCC_PRECOMPILE_PREFIX_HEADER = YES;
				GCC_PREFIX_HEADER = "PayMayaSDK/PayMayaSDK-Prefix.pch";
				INFOPLIST_FILE = "PayMayaSDK/PayMayaSDK-Info.plist";
				IPHONEOS_DEPLOYMENT_TARGET = 8.0;
				MODULE_NAME = ExampleApp;
				PRODUCT_BUNDLE_IDENTIFIER = "org.cocoapods.demo.${PRODUCT_NAME:rfc1034identifier}";
				PRODUCT_NAME = "PayMaya SDK";
				PROVISIONING_PROFILE = "";
				TARGETED_DEVICE_FAMILY = 1;
				WRAPPER_EXTENSION = app;
			};
			name = Release;
		};
		6003F5C3195388D20070C39A /* Debug */ = {
			isa = XCBuildConfiguration;
			baseConfigurationReference = 062B6CE64FAEE224DB1C31F9 /* Pods-PayMayaSDK_Tests.debug.xcconfig */;
			buildSettings = {
				GCC_PRECOMPILE_PREFIX_HEADER = YES;
				GCC_PREFIX_HEADER = "Tests/Tests-Prefix.pch";
				GCC_PREPROCESSOR_DEFINITIONS = (
					"DEBUG=1",
					"$(inherited)",
				);
				INFOPLIST_FILE = "Tests/Tests-Info.plist";
				PRODUCT_BUNDLE_IDENTIFIER = "org.cocoapods.demo.${PRODUCT_NAME:rfc1034identifier}";
				PRODUCT_NAME = "$(TARGET_NAME)";
				WRAPPER_EXTENSION = xctest;
			};
			name = Debug;
		};
		6003F5C4195388D20070C39A /* Release */ = {
			isa = XCBuildConfiguration;
			baseConfigurationReference = A20353FA9A4CA3E4E8F33433 /* Pods-PayMayaSDK_Tests.release.xcconfig */;
			buildSettings = {
				GCC_PRECOMPILE_PREFIX_HEADER = YES;
				GCC_PREFIX_HEADER = "Tests/Tests-Prefix.pch";
				INFOPLIST_FILE = "Tests/Tests-Info.plist";
				PRODUCT_BUNDLE_IDENTIFIER = "org.cocoapods.demo.${PRODUCT_NAME:rfc1034identifier}";
				PRODUCT_NAME = "$(TARGET_NAME)";
				WRAPPER_EXTENSION = xctest;
			};
			name = Release;
		};
/* End XCBuildConfiguration section */

/* Begin XCConfigurationList section */
		6003F585195388D10070C39A /* Build configuration list for PBXProject "PayMayaSDK" */ = {
			isa = XCConfigurationList;
			buildConfigurations = (
				6003F5BD195388D20070C39A /* Debug */,
				6003F5BE195388D20070C39A /* Release */,
			);
			defaultConfigurationIsVisible = 0;
			defaultConfigurationName = Release;
		};
		6003F5BF195388D20070C39A /* Build configuration list for PBXNativeTarget "PayMayaSDK_Example" */ = {
			isa = XCConfigurationList;
			buildConfigurations = (
				6003F5C0195388D20070C39A /* Debug */,
				6003F5C1195388D20070C39A /* Release */,
			);
			defaultConfigurationIsVisible = 0;
			defaultConfigurationName = Release;
		};
		6003F5C2195388D20070C39A /* Build configuration list for PBXNativeTarget "PayMayaSDK_Tests" */ = {
			isa = XCConfigurationList;
			buildConfigurations = (
				6003F5C3195388D20070C39A /* Debug */,
				6003F5C4195388D20070C39A /* Release */,
			);
			defaultConfigurationIsVisible = 0;
			defaultConfigurationName = Release;
		};
/* End XCConfigurationList section */
	};
	rootObject = 6003F582195388D10070C39A /* Project object */;
}
